{
  "name": "car-rental",
  "version": "1.0.0",
  "lockfileVersion": 3,
  "requires": true,
  "packages": {
    "": {
      "name": "car-rental",
      "version": "1.0.0",
      "license": "ISC",
      "dependencies": {
        "@uirouter/angularjs": "^0.2.17",
        "angular": "^1.6.10",
        "angular-animate": "^1.8.3",
        "angular-cookies": "^1.8.3",
        "angular-ui-bootstrap": "^2.5.6",
        "jquery": "^3.7.1",
        "toastr": "^2.1.4"
      }
    },
    "node_modules/@uirouter/angularjs": {
      "version": "0.2.17",
      "resolved": "https://registry.npmjs.org/@uirouter/angularjs/-/angularjs-0.2.17.tgz",
      "integrity": "sha512-gkbuvw2HiKLruW6/1YM/b4JVoVDJNyXCm8ppywDHFz92/7JJBk+OfOU7Ezds6Fxn1cnnZl+sIhicCV8u9QzAJw=="
    },
    "node_modules/angular": {
      "version": "1.8.3",
      "resolved": "https://registry.npmjs.org/angular/-/angular-1.8.3.tgz",
      "integrity": "sha512-5qjkWIQQVsHj4Sb5TcEs4WZWpFeVFHXwxEBHUhrny41D8UrBAd6T/6nPPAsLngJCReIOqi95W3mxdveveutpZw==",
      "deprecated": "For the actively supported Angular, see https://www.npmjs.com/package/@angular/core. AngularJS support has officially ended. For extended AngularJS support options, see https://goo.gle/angularjs-path-forward.",
      "license": "MIT"
    },
    "node_modules/angular-animate": {
      "version": "1.8.3",
      "resolved": "https://registry.npmjs.org/angular-animate/-/angular-animate-1.8.3.tgz",
      "integrity": "sha512-/LtTKvy5sD6MZbV0v+nHgOIpnFF0mrUp+j5WIxVprVhcrJriYpuCZf4S7Owj1o76De/J0eRzANUozNJ6hVepnQ==",
      "deprecated": "For the actively supported Angular, see https://www.npmjs.com/package/@angular/core. AngularJS support has officially ended. For extended AngularJS support options, see https://goo.gle/angularjs-path-forward.",
      "license": "MIT"
    },
    "node_modules/angular-cookies": {
      "version": "1.8.3",
      "resolved": "https://registry.npmjs.org/angular-cookies/-/angular-cookies-1.8.3.tgz",
      "integrity": "sha512-uRd+zWgqiVnly7+YFRosM8E9tUQeY82dAZdtvonh/CeD/sf5SKN/BNIlMlHxZtoAk72ahTIjqUQGfeHdYcSsRQ==",
      "deprecated": "For the actively supported Angular, see https://www.npmjs.com/package/@angular/core. AngularJS support has officially ended. For extended AngularJS support options, see https://goo.gle/angularjs-path-forward.",
      "license": "MIT"
    },
    "node_modules/angular-ui-bootstrap": {
      "version": "2.5.6",
      "resolved": "https://registry.npmjs.org/angular-ui-bootstrap/-/angular-ui-bootstrap-2.5.6.tgz",
      "integrity": "sha512-yzcHpPMLQl0232nDzm5P4iAFTFQ9dMw0QgFLuKYbDj9M0xJ62z0oudYD/Lvh1pWfRsukiytP4Xj6BHOSrSXP8A==",
      "license": "MIT"
    },
    "node_modules/jquery": {
      "version": "3.7.1",
      "resolved": "https://registry.npmjs.org/jquery/-/jquery-3.7.1.tgz",
      "integrity": "sha512-m4avr8yL8kmFN8psrbFFFmB/If14iN5o9nw/NgnnM+kybDJpRsAynV2BsfpTYrTRysYUdADVD7CkUUizgkpLfg==",
      "license": "MIT"
    },
    "node_modules/toastr": {
      "version": "2.1.4",
      "resolved": "https://registry.npmjs.org/toastr/-/toastr-2.1.4.tgz",
      "integrity": "sha512-LIy77F5n+sz4tefMmFOntcJ6HL0Fv3k1TDnNmFZ0bU/GcvIIfy6eG2v7zQmMiYgaalAiUv75ttFrPn5s0gyqlA==",
      "dependencies": {
        "jquery": ">=1.12.0"
      }
    }
  }
}
